
Microsoft Visual Studio Solution File, Format Version 12.00
# Visual Studio 15
VisualStudioVersion = 15.0.28307.1062
MinimumVisualStudioVersion = 10.0.40219.1
Project("{FAE04EC0-301F-11D3-BF4B-00C04F79EFBC}") = "LabWork1github", "LabWork1github\LabWork1github.csproj", "{6ADDF320-6E6D-4CDE-A574-52987B5CE2E5}"
EndProject
Project("{FAE04EC0-301F-11D3-BF4B-00C04F79EFBC}") = "UnitTestLabWork", "UnitTestLabWork\UnitTestLabWork.csproj", "{39352056-CAC3-48D2-9339-124C1C817B44}"
EndProject
Global
	GlobalSection(SolutionConfigurationPlatforms) = preSolution
		Debug|Any CPU = Debug|Any CPU
		Release|Any CPU = Release|Any CPU
	EndGlobalSection
	GlobalSection(ProjectConfigurationPlatforms) = postSolution
		{6ADDF320-6E6D-4CDE-A574-52987B5CE2E5}.Debug|Any CPU.ActiveCfg = Debug|Any CPU
		{6ADDF320-6E6D-4CDE-A574-52987B5CE2E5}.Debug|Any CPU.Build.0 = Debug|Any CPU
		{6ADDF320-6E6D-4CDE-A574-52987B5CE2E5}.Release|Any CPU.ActiveCfg = Release|Any CPU
		{6ADDF320-6E6D-4CDE-A574-52987B5CE2E5}.Release|Any CPU.Build.0 = Release|Any CPU
		{39352056-CAC3-48D2-9339-124C1C817B44}.Debug|Any CPU.ActiveCfg = Debug|Any CPU
		{39352056-CAC3-48D2-9339-124C1C817B44}.Debug|Any CPU.Build.0 = Debug|Any CPU
		{39352056-CAC3-48D2-9339-124C1C817B44}.Release|Any CPU.ActiveCfg = Release|Any CPU
		{39352056-CAC3-48D2-9339-124C1C817B44}.Release|Any CPU.Build.0 = Release|Any CPU
	EndGlobalSection
	GlobalSection(SolutionProperties) = preSolution
		HideSolutionNode = FALSE
	EndGlobalSection
	GlobalSection(ExtensibilityGlobals) = postSolution
		SolutionGuid = {7663F3B7-451A-4420-A412-D14D2B18F95F}
	EndGlobalSection
EndGlobal
